// !$*UTF8*$!
{
	archiveVersion = 1;
	classes = {
	};
	objectVersion = 55;
	objects = {

/* Begin PBXBuildFile section */
		4A744D7A272BB5D9002418D1 /* AppDelegate.m in Sources */ = {isa = PBXBuildFile; fileRef = 4A744D79272BB5D9002418D1 /* AppDelegate.m */; };
		4A744D7D272BB5D9002418D1 /* SceneDelegate.m in Sources */ = {isa = PBXBuildFile; fileRef = 4A744D7C272BB5D9002418D1 /* SceneDelegate.m */; };
		4A744D80272BB5D9002418D1 /* ViewController.m in Sources */ = {isa = PBXBuildFile; fileRef = 4A744D7F272BB5D9002418D1 /* ViewController.m */; };
		4A744D83272BB5D9002418D1 /* Main.storyboard in Resources */ = {isa = PBXBuildFile; fileRef = 4A744D81272BB5D9002418D1 /* Main.storyboard */; };
		4A744D85272BB5DD002418D1 /* Assets.xcassets in Resources */ = {isa = PBXBuildFile; fileRef = 4A744D84272BB5DD002418D1 /* Assets.xcassets */; };
		4A744D88272BB5DD002418D1 /* LaunchScreen.storyboard in Resources */ = {isa = PBXBuildFile; fileRef = 4A744D86272BB5DD002418D1 /* LaunchScreen.storyboard */; };
		4A744D8B272BB5DD002418D1 /* main.m in Sources */ = {isa = PBXBuildFile; fileRef = 4A744D8A272BB5DD002418D1 /* main.m */; };
		4A744D95272BB5DD002418D1 /* XMPhotoBrowserTests.m in Sources */ = {isa = PBXBuildFile; fileRef = 4A744D94272BB5DD002418D1 /* XMPhotoBrowserTests.m */; };
		4A744D9F272BB5DD002418D1 /* XMPhotoBrowserUITests.m in Sources */ = {isa = PBXBuildFile; fileRef = 4A744D9E272BB5DD002418D1 /* XMPhotoBrowserUITests.m */; };
		4A744DA1272BB5DD002418D1 /* XMPhotoBrowserUITestsLaunchTests.m in Sources */ = {isa = PBXBuildFile; fileRef = 4A744DA0272BB5DD002418D1 /* XMPhotoBrowserUITestsLaunchTests.m */; };
		4A744DBA272BB81A002418D1 /* needReplaceModel.m in Sources */ = {isa = PBXBuildFile; fileRef = 4A744DB9272BB81A002418D1 /* needReplaceModel.m */; };
		4A744DBE272BB864002418D1 /* XMPhotoBrowserManager.m in Sources */ = {isa = PBXBuildFile; fileRef = 4A744DBD272BB864002418D1 /* XMPhotoBrowserManager.m */; };
		4A744DC2272BB89F002418D1 /* XMPhotoBrowserCore.m in Sources */ = {isa = PBXBuildFile; fileRef = 4A744DC1272BB89F002418D1 /* XMPhotoBrowserCore.m */; };
		4A744DC6272BB913002418D1 /* needReplaceTranslation.m in Sources */ = {isa = PBXBuildFile; fileRef = 4A744DC5272BB913002418D1 /* needReplaceTranslation.m */; };
		4AA6F9272745EC8D002D6883 /* XMPhotoView.m in Sources */ = {isa = PBXBuildFile; fileRef = 4AA6F9262745EC8D002D6883 /* XMPhotoView.m */; };
		4AA6F92D2746588D002D6883 /* XMPhotoBrowserView.m in Sources */ = {isa = PBXBuildFile; fileRef = 4AA6F92C2746588D002D6883 /* XMPhotoBrowserView.m */; };
		4AA6F933274678F8002D6883 /* XMPhotoViewScrollView.m in Sources */ = {isa = PBXBuildFile; fileRef = 4AA6F932274678F8002D6883 /* XMPhotoViewScrollView.m */; };
/* End PBXBuildFile section */

/* Begin PBXContainerItemProxy section */
		4A744D91272BB5DD002418D1 /* PBXContainerItemProxy */ = {
			isa = PBXContainerItemProxy;
			containerPortal = 4A744D6D272BB5D9002418D1 /* Project object */;
			proxyType = 1;
			remoteGlobalIDString = 4A744D74272BB5D9002418D1;
			remoteInfo = XMPhotoBrowser;
		};
		4A744D9B272BB5DD002418D1 /* PBXContainerItemProxy */ = {
			isa = PBXContainerItemProxy;
			containerPortal = 4A744D6D272BB5D9002418D1 /* Project object */;
			proxyType = 1;
			remoteGlobalIDString = 4A744D74272BB5D9002418D1;
			remoteInfo = XMPhotoBrowser;
		};
/* End PBXContainerItemProxy section */

/* Begin PBXFileReference section */
		4A744D75272BB5D9002418D1 /* XMPhotoBrowser.app */ = {isa = PBXFileReference; explicitFileType = wrapper.application; includeInIndex = 0; path = XMPhotoBrowser.app; sourceTree = BUILT_PRODUCTS_DIR; };
		4A744D78272BB5D9002418D1 /* AppDelegate.h */ = {isa = PBXFileReference; lastKnownFileType = sourcecode.c.h; path = AppDelegate.h; sourceTree = "<group>"; };
		4A744D79272BB5D9002418D1 /* AppDelegate.m */ = {isa = PBXFileReference; lastKnownFileType = sourcecode.c.objc; path = AppDelegate.m; sourceTree = "<group>"; };
		4A744D7B272BB5D9002418D1 /* SceneDelegate.h */ = {isa = PBXFileReference; lastKnownFileType = sourcecode.c.h; path = SceneDelegate.h; sourceTree = "<group>"; };
		4A744D7C272BB5D9002418D1 /* SceneDelegate.m */ = {isa = PBXFileReference; lastKnownFileType = sourcecode.c.objc; path = SceneDelegate.m; sourceTree = "<group>"; };
		4A744D7E272BB5D9002418D1 /* ViewController.h */ = {isa = PBXFileReference; lastKnownFileType = sourcecode.c.h; path = ViewController.h; sourceTree = "<group>"; };
		4A744D7F272BB5D9002418D1 /* ViewController.m */ = {isa = PBXFileReference; lastKnownFileType = sourcecode.c.objc; path = ViewController.m; sourceTree = "<group>"; };
		4A744D82272BB5D9002418D1 /* Base */ = {isa = PBXFileReference; lastKnownFileType = file.storyboard; name = Base; path = Base.lproj/Main.storyboard; sourceTree = "<group>"; };
		4A744D84272BB5DD002418D1 /* Assets.xcassets */ = {isa = PBXFileReference; lastKnownFileType = folder.assetcatalog; path = Assets.xcassets; sourceTree = "<group>"; };
		4A744D87272BB5DD002418D1 /* Base */ = {isa = PBXFileReference; lastKnownFileType = file.storyboard; name = Base; path = Base.lproj/LaunchScreen.storyboard; sourceTree = "<group>"; };
		4A744D89272BB5DD002418D1 /* Info.plist */ = {isa = PBXFileReference; lastKnownFileType = text.plist.xml; path = Info.plist; sourceTree = "<group>"; };
		4A744D8A272BB5DD002418D1 /* main.m */ = {isa = PBXFileReference; lastKnownFileType = sourcecode.c.objc; path = main.m; sourceTree = "<group>"; };
		4A744D90272BB5DD002418D1 /* XMPhotoBrowserTests.xctest */ = {isa = PBXFileReference; explicitFileType = wrapper.cfbundle; includeInIndex = 0; path = XMPhotoBrowserTests.xctest; sourceTree = BUILT_PRODUCTS_DIR; };
		4A744D94272BB5DD002418D1 /* XMPhotoBrowserTests.m */ = {isa = PBXFileReference; lastKnownFileType = sourcecode.c.objc; path = XMPhotoBrowserTests.m; sourceTree = "<group>"; };
		4A744D9A272BB5DD002418D1 /* XMPhotoBrowserUITests.xctest */ = {isa = PBXFileReference; explicitFileType = wrapper.cfbundle; includeInIndex = 0; path = XMPhotoBrowserUITests.xctest; sourceTree = BUILT_PRODUCTS_DIR; };
		4A744D9E272BB5DD002418D1 /* XMPhotoBrowserUITests.m */ = {isa = PBXFileReference; lastKnownFileType = sourcecode.c.objc; path = XMPhotoBrowserUITests.m; sourceTree = "<group>"; };
		4A744DA0272BB5DD002418D1 /* XMPhotoBrowserUITestsLaunchTests.m */ = {isa = PBXFileReference; lastKnownFileType = sourcecode.c.objc; path = XMPhotoBrowserUITestsLaunchTests.m; sourceTree = "<group>"; };
		4A744DB8272BB81A002418D1 /* needReplaceModel.h */ = {isa = PBXFileReference; lastKnownFileType = sourcecode.c.h; path = needReplaceModel.h; sourceTree = "<group>"; };
		4A744DB9272BB81A002418D1 /* needReplaceModel.m */ = {isa = PBXFileReference; lastKnownFileType = sourcecode.c.objc; path = needReplaceModel.m; sourceTree = "<group>"; };
		4A744DBB272BB842002418D1 /* needReplaceProtocol.h */ = {isa = PBXFileReference; lastKnownFileType = sourcecode.c.h; path = needReplaceProtocol.h; sourceTree = "<group>"; };
		4A744DBC272BB864002418D1 /* XMPhotoBrowserManager.h */ = {isa = PBXFileReference; lastKnownFileType = sourcecode.c.h; path = XMPhotoBrowserManager.h; sourceTree = "<group>"; };
		4A744DBD272BB864002418D1 /* XMPhotoBrowserManager.m */ = {isa = PBXFileReference; lastKnownFileType = sourcecode.c.objc; path = XMPhotoBrowserManager.m; sourceTree = "<group>"; };
		4A744DBF272BB878002418D1 /* XMPhotoBrowserUtils.h */ = {isa = PBXFileReference; lastKnownFileType = sourcecode.c.h; path = XMPhotoBrowserUtils.h; sourceTree = "<group>"; };
		4A744DC0272BB89F002418D1 /* XMPhotoBrowserCore.h */ = {isa = PBXFileReference; lastKnownFileType = sourcecode.c.h; path = XMPhotoBrowserCore.h; sourceTree = "<group>"; };
		4A744DC1272BB89F002418D1 /* XMPhotoBrowserCore.m */ = {isa = PBXFileReference; lastKnownFileType = sourcecode.c.objc; path = XMPhotoBrowserCore.m; sourceTree = "<group>"; };
		4A744DC4272BB913002418D1 /* needReplaceTranslation.h */ = {isa = PBXFileReference; lastKnownFileType = sourcecode.c.h; path = needReplaceTranslation.h; sourceTree = "<group>"; };
		4A744DC5272BB913002418D1 /* needReplaceTranslation.m */ = {isa = PBXFileReference; lastKnownFileType = sourcecode.c.objc; path = needReplaceTranslation.m; sourceTree = "<group>"; };
		4AA6F9252745EC8D002D6883 /* XMPhotoView.h */ = {isa = PBXFileReference; lastKnownFileType = sourcecode.c.h; path = XMPhotoView.h; sourceTree = "<group>"; };
		4AA6F9262745EC8D002D6883 /* XMPhotoView.m */ = {isa = PBXFileReference; lastKnownFileType = sourcecode.c.objc; path = XMPhotoView.m; sourceTree = "<group>"; };
		4AA6F92B2746588D002D6883 /* XMPhotoBrowserView.h */ = {isa = PBXFileReference; lastKnownFileType = sourcecode.c.h; path = XMPhotoBrowserView.h; sourceTree = "<group>"; };
		4AA6F92C2746588D002D6883 /* XMPhotoBrowserView.m */ = {isa = PBXFileReference; lastKnownFileType = sourcecode.c.objc; path = XMPhotoBrowserView.m; sourceTree = "<group>"; };
		4AA6F931274678F8002D6883 /* XMPhotoViewScrollView.h */ = {isa = PBXFileReference; lastKnownFileType = sourcecode.c.h; path = XMPhotoViewScrollView.h; sourceTree = "<group>"; };
		4AA6F932274678F8002D6883 /* XMPhotoViewScrollView.m */ = {isa = PBXFileReference; lastKnownFileType = sourcecode.c.objc; path = XMPhotoViewScrollView.m; sourceTree = "<group>"; };
/* End PBXFileReference section */

/* Begin PBXFrameworksBuildPhase section */
		4A744D72272BB5D9002418D1 /* Frameworks */ = {
			isa = PBXFrameworksBuildPhase;
			buildActionMask = 2147483647;
			files = (
			);
			runOnlyForDeploymentPostprocessing = 0;
		};
		4A744D8D272BB5DD002418D1 /* Frameworks */ = {
			isa = PBXFrameworksBuildPhase;
			buildActionMask = 2147483647;
			files = (
			);
			runOnlyForDeploymentPostprocessing = 0;
		};
		4A744D97272BB5DD002418D1 /* Frameworks */ = {
			isa = PBXFrameworksBuildPhase;
			buildActionMask = 2147483647;
			files = (
			);
			runOnlyForDeploymentPostprocessing = 0;
		};
/* End PBXFrameworksBuildPhase section */

/* Begin PBXGroup section */
		4A744D6C272BB5D9002418D1 = {
			isa = PBXGroup;
			children = (
				4A744D77272BB5D9002418D1 /* XMPhotoBrowser */,
				4A744D93272BB5DD002418D1 /* XMPhotoBrowserTests */,
				4A744D9D272BB5DD002418D1 /* XMPhotoBrowserUITests */,
				4A744D76272BB5D9002418D1 /* Products */,
			);
			sourceTree = "<group>";
		};
		4A744D76272BB5D9002418D1 /* Products */ = {
			isa = PBXGroup;
			children = (
				4A744D75272BB5D9002418D1 /* XMPhotoBrowser.app */,
				4A744D90272BB5DD002418D1 /* XMPhotoBrowserTests.xctest */,
				4A744D9A272BB5DD002418D1 /* XMPhotoBrowserUITests.xctest */,
			);
			name = Products;
			sourceTree = "<group>";
		};
		4A744D77272BB5D9002418D1 /* XMPhotoBrowser */ = {
			isa = PBXGroup;
			children = (
				4A744DAD272BB6DC002418D1 /* XMPhotoBrowser */,
				4A744D78272BB5D9002418D1 /* AppDelegate.h */,
				4A744D79272BB5D9002418D1 /* AppDelegate.m */,
				4A744D7B272BB5D9002418D1 /* SceneDelegate.h */,
				4A744D7C272BB5D9002418D1 /* SceneDelegate.m */,
				4A744D7E272BB5D9002418D1 /* ViewController.h */,
				4A744D7F272BB5D9002418D1 /* ViewController.m */,
				4A744D81272BB5D9002418D1 /* Main.storyboard */,
				4A744D84272BB5DD002418D1 /* Assets.xcassets */,
				4A744D86272BB5DD002418D1 /* LaunchScreen.storyboard */,
				4A744D89272BB5DD002418D1 /* Info.plist */,
				4A744D8A272BB5DD002418D1 /* main.m */,
			);
			path = XMPhotoBrowser;
			sourceTree = "<group>";
		};
		4A744D93272BB5DD002418D1 /* XMPhotoBrowserTests */ = {
			isa = PBXGroup;
			children = (
				4A744D94272BB5DD002418D1 /* XMPhotoBrowserTests.m */,
			);
			path = XMPhotoBrowserTests;
			sourceTree = "<group>";
		};
		4A744D9D272BB5DD002418D1 /* XMPhotoBrowserUITests */ = {
			isa = PBXGroup;
			children = (
				4A744D9E272BB5DD002418D1 /* XMPhotoBrowserUITests.m */,
				4A744DA0272BB5DD002418D1 /* XMPhotoBrowserUITestsLaunchTests.m */,
			);
			path = XMPhotoBrowserUITests;
			sourceTree = "<group>";
		};
		4A744DAD272BB6DC002418D1 /* XMPhotoBrowser */ = {
			isa = PBXGroup;
			children = (
				4A744DC3272BB8F6002418D1 /* Translation */,
				4A744DB4272BB775002418D1 /* View */,
				4A744DB3272BB769002418D1 /* Model */,
				4A744DB2272BB734002418D1 /* Protocol */,
				4A744DB1272BB70A002418D1 /* Manager */,
				4A744DAF272BB6E9002418D1 /* Utils */,
				4A744DAE272BB6E3002418D1 /* Core */,
			);
			path = XMPhotoBrowser;
			sourceTree = "<group>";
		};
		4A744DAE272BB6E3002418D1 /* Core */ = {
			isa = PBXGroup;
			children = (
				4A744DC0272BB89F002418D1 /* XMPhotoBrowserCore.h */,
				4A744DC1272BB89F002418D1 /* XMPhotoBrowserCore.m */,
			);
			path = Core;
			sourceTree = "<group>";
		};
		4A744DAF272BB6E9002418D1 /* Utils */ = {
			isa = PBXGroup;
			children = (
				4A744DBF272BB878002418D1 /* XMPhotoBrowserUtils.h */,
			);
			path = Utils;
			sourceTree = "<group>";
		};
		4A744DB1272BB70A002418D1 /* Manager */ = {
			isa = PBXGroup;
			children = (
				4A744DBC272BB864002418D1 /* XMPhotoBrowserManager.h */,
				4A744DBD272BB864002418D1 /* XMPhotoBrowserManager.m */,
			);
			path = Manager;
			sourceTree = "<group>";
		};
		4A744DB2272BB734002418D1 /* Protocol */ = {
			isa = PBXGroup;
			children = (
				4A744DBB272BB842002418D1 /* needReplaceProtocol.h */,
			);
			path = Protocol;
			sourceTree = "<group>";
		};
		4A744DB3272BB769002418D1 /* Model */ = {
			isa = PBXGroup;
			children = (
				4A744DB8272BB81A002418D1 /* needReplaceModel.h */,
				4A744DB9272BB81A002418D1 /* needReplaceModel.m */,
			);
			path = Model;
			sourceTree = "<group>";
		};
		4A744DB4272BB775002418D1 /* View */ = {
			isa = PBXGroup;
			children = (
				4AA6F9252745EC8D002D6883 /* XMPhotoView.h */,
				4AA6F9262745EC8D002D6883 /* XMPhotoView.m */,
				4AA6F92B2746588D002D6883 /* XMPhotoBrowserView.h */,
				4AA6F92C2746588D002D6883 /* XMPhotoBrowserView.m */,
				4AA6F931274678F8002D6883 /* XMPhotoViewScrollView.h */,
				4AA6F932274678F8002D6883 /* XMPhotoViewScrollView.m */,
			);
			path = View;
			sourceTree = "<group>";
		};
		4A744DC3272BB8F6002418D1 /* Translation */ = {
			isa = PBXGroup;
			children = (
				4A744DC4272BB913002418D1 /* needReplaceTranslation.h */,
				4A744DC5272BB913002418D1 /* needReplaceTranslation.m */,
			);
			path = Translation;
			sourceTree = "<group>";
		};
/* End PBXGroup section */

/* Begin PBXNativeTarget section */
		4A744D74272BB5D9002418D1 /* XMPhotoBrowser */ = {
			isa = PBXNativeTarget;
			buildConfigurationList = 4A744DA4272BB5DD002418D1 /* Build configuration list for PBXNativeTarget "XMPhotoBrowser" */;
			buildPhases = (
				4A744D71272BB5D9002418D1 /* Sources */,
				4A744D72272BB5D9002418D1 /* Frameworks */,
				4A744D73272BB5D9002418D1 /* Resources */,
			);
			buildRules = (
			);
			dependencies = (
			);
			name = XMPhotoBrowser;
			productName = XMPhotoBrowser;
			productReference = 4A744D75272BB5D9002418D1 /* XMPhotoBrowser.app */;
			productType = "com.apple.product-type.application";
		};
		4A744D8F272BB5DD002418D1 /* XMPhotoBrowserTests */ = {
			isa = PBXNativeTarget;
			buildConfigurationList = 4A744DA7272BB5DD002418D1 /* Build configuration list for PBXNativeTarget "XMPhotoBrowserTests" */;
			buildPhases = (
				4A744D8C272BB5DD002418D1 /* Sources */,
				4A744D8D272BB5DD002418D1 /* Frameworks */,
				4A744D8E272BB5DD002418D1 /* Resources */,
			);
			buildRules = (
			);
			dependencies = (
				4A744D92272BB5DD002418D1 /* PBXTargetDependency */,
			);
			name = XMPhotoBrowserTests;
			productName = XMPhotoBrowserTests;
			productReference = 4A744D90272BB5DD002418D1 /* XMPhotoBrowserTests.xctest */;
			productType = "com.apple.product-type.bundle.unit-test";
		};
		4A744D99272BB5DD002418D1 /* XMPhotoBrowserUITests */ = {
			isa = PBXNativeTarget;
			buildConfigurationList = 4A744DAA272BB5DD002418D1 /* Build configuration list for PBXNativeTarget "XMPhotoBrowserUITests" */;
			buildPhases = (
				4A744D96272BB5DD002418D1 /* Sources */,
				4A744D97272BB5DD002418D1 /* Frameworks */,
				4A744D98272BB5DD002418D1 /* Resources */,
			);
			buildRules = (
			);
			dependencies = (
				4A744D9C272BB5DD002418D1 /* PBXTargetDependency */,
			);
			name = XMPhotoBrowserUITests;
			productName = XMPhotoBrowserUITests;
			productReference = 4A744D9A272BB5DD002418D1 /* XMPhotoBrowserUITests.xctest */;
			productType = "com.apple.product-type.bundle.ui-testing";
		};
/* End PBXNativeTarget section */

/* Begin PBXProject section */
		4A744D6D272BB5D9002418D1 /* Project object */ = {
			isa = PBXProject;
			attributes = {
				BuildIndependentTargetsInParallel = 1;
				LastUpgradeCheck = 1300;
				TargetAttributes = {
					4A744D74272BB5D9002418D1 = {
						CreatedOnToolsVersion = 13.0;
					};
					4A744D8F272BB5DD002418D1 = {
						CreatedOnToolsVersion = 13.0;
						TestTargetID = 4A744D74272BB5D9002418D1;
					};
					4A744D99272BB5DD002418D1 = {
						CreatedOnToolsVersion = 13.0;
						TestTargetID = 4A744D74272BB5D9002418D1;
					};
				};
			};
			buildConfigurationList = 4A744D70272BB5D9002418D1 /* Build configuration list for PBXProject "XMPhotoBrowser" */;
			compatibilityVersion = "Xcode 13.0";
			developmentRegion = en;
			hasScannedForEncodings = 0;
			knownRegions = (
				en,
				Base,
			);
			mainGroup = 4A744D6C272BB5D9002418D1;
			productRefGroup = 4A744D76272BB5D9002418D1 /* Products */;
			projectDirPath = "";
			projectRoot = "";
			targets = (
				4A744D74272BB5D9002418D1 /* XMPhotoBrowser */,
				4A744D8F272BB5DD002418D1 /* XMPhotoBrowserTests */,
				4A744D99272BB5DD002418D1 /* XMPhotoBrowserUITests */,
			);
		};
/* End PBXProject section */

/* Begin PBXResourcesBuildPhase section */
		4A744D73272BB5D9002418D1 /* Resources */ = {
			isa = PBXResourcesBuildPhase;
			buildActionMask = 2147483647;
			files = (
				4A744D88272BB5DD002418D1 /* LaunchScreen.storyboard in Resources */,
				4A744D85272BB5DD002418D1 /* Assets.xcassets in Resources */,
				4A744D83272BB5D9002418D1 /* Main.storyboard in Resources */,
			);
			runOnlyForDeploymentPostprocessing = 0;
		};
		4A744D8E272BB5DD002418D1 /* Resources */ = {
			isa = PBXResourcesBuildPhase;
			buildActionMask = 2147483647;
			files = (
			);
			runOnlyForDeploymentPostprocessing = 0;
		};
		4A744D98272BB5DD002418D1 /* Resources */ = {
			isa = PBXResourcesBuildPhase;
			buildActionMask = 2147483647;
			files = (
			);
			runOnlyForDeploymentPostprocessing = 0;
		};
/* End PBXResourcesBuildPhase section */

/* Begin PBXSourcesBuildPhase section */
		4A744D71272BB5D9002418D1 /* Sources */ = {
			isa = PBXSourcesBuildPhase;
			buildActionMask = 2147483647;
			files = (
				4A744D80272BB5D9002418D1 /* ViewController.m in Sources */,
				4AA6F9272745EC8D002D6883 /* XMPhotoView.m in Sources */,
				4A744DBA272BB81A002418D1 /* needReplaceModel.m in Sources */,
				4A744DC6272BB913002418D1 /* needReplaceTranslation.m in Sources */,
				4A744DC2272BB89F002418D1 /* XMPhotoBrowserCore.m in Sources */,
				4A744DBE272BB864002418D1 /* XMPhotoBrowserManager.m in Sources */,
				4A744D7A272BB5D9002418D1 /* AppDelegate.m in Sources */,
				4A744D8B272BB5DD002418D1 /* main.m in Sources */,
				4AA6F92D2746588D002D6883 /* XMPhotoBrowserView.m in Sources */,
				4AA6F933274678F8002D6883 /* XMPhotoViewScrollView.m in Sources */,
				4A744D7D272BB5D9002418D1 /* SceneDelegate.m in Sources */,
			);
			runOnlyForDeploymentPostprocessing = 0;
		};
		4A744D8C272BB5DD002418D1 /* Sources */ = {
			isa = PBXSourcesBuildPhase;
			buildActionMask = 2147483647;
			files = (
				4A744D95272BB5DD002418D1 /* XMPhotoBrowserTests.m in Sources */,
			);
			runOnlyForDeploymentPostprocessing = 0;
		};
		4A744D96272BB5DD002418D1 /* Sources */ = {
			isa = PBXSourcesBuildPhase;
			buildActionMask = 2147483647;
			files = (
				4A744D9F272BB5DD002418D1 /* XMPhotoBrowserUITests.m in Sources */,
				4A744DA1272BB5DD002418D1 /* XMPhotoBrowserUITestsLaunchTests.m in Sources */,
			);
			runOnlyForDeploymentPostprocessing = 0;
		};
/* End PBXSourcesBuildPhase section */

/* Begin PBXTargetDependency section */
		4A744D92272BB5DD002418D1 /* PBXTargetDependency */ = {
			isa = PBXTargetDependency;
			target = 4A744D74272BB5D9002418D1 /* XMPhotoBrowser */;
			targetProxy = 4A744D91272BB5DD002418D1 /* PBXContainerItemProxy */;
		};
		4A744D9C272BB5DD002418D1 /* PBXTargetDependency */ = {
			isa = PBXTargetDependency;
			target = 4A744D74272BB5D9002418D1 /* XMPhotoBrowser */;
			targetProxy = 4A744D9B272BB5DD002418D1 /* PBXContainerItemProxy */;
		};
/* End PBXTargetDependency section */

/* Begin PBXVariantGroup section */
		4A744D81272BB5D9002418D1 /* Main.storyboard */ = {
			isa = PBXVariantGroup;
			children = (
				4A744D82272BB5D9002418D1 /* Base */,
			);
			name = Main.storyboard;
			sourceTree = "<group>";
		};
		4A744D86272BB5DD002418D1 /* LaunchScreen.storyboard */ = {
			isa = PBXVariantGroup;
			children = (
				4A744D87272BB5DD002418D1 /* Base */,
			);
			name = LaunchScreen.storyboard;
			sourceTree = "<group>";
		};
/* End PBXVariantGroup section */

/* Begin XCBuildConfiguration section */
		4A744DA2272BB5DD002418D1 /* Debug */ = {
			isa = XCBuildConfiguration;
			buildSettings = {
				ALWAYS_SEARCH_USER_PATHS = NO;
				CLANG_ANALYZER_NONNULL = YES;
				CLANG_ANALYZER_NUMBER_OBJECT_CONVERSION = YES_AGGRESSIVE;
				CLANG_CXX_LANGUAGE_STANDARD = "gnu++17";
				CLANG_CXX_LIBRARY = "libc++";
				CLANG_ENABLE_MODULES = YES;
				CLANG_ENABLE_OBJC_ARC = YES;
				CLANG_ENABLE_OBJC_WEAK = YES;
				CLANG_WARN_BLOCK_CAPTURE_AUTORELEASING = YES;
				CLANG_WARN_BOOL_CONVERSION = YES;
				CLANG_WARN_COMMA = YES;
				CLANG_WARN_CONSTANT_CONVERSION = YES;
				CLANG_WARN_DEPRECATED_OBJC_IMPLEMENTATIONS = YES;
				CLANG_WARN_DIRECT_OBJC_ISA_USAGE = YES_ERROR;
				CLANG_WARN_DOCUMENTATION_COMMENTS = YES;
				CLANG_WARN_EMPTY_BODY = YES;
				CLANG_WARN_ENUM_CONVERSION = YES;
				CLANG_WARN_INFINITE_RECURSION = YES;
				CLANG_WARN_INT_CONVERSION = YES;
				CLANG_WARN_NON_LITERAL_NULL_CONVERSION = YES;
				CLANG_WARN_OBJC_IMPLICIT_RETAIN_SELF = YES;
				CLANG_WARN_OBJC_LITERAL_CONVERSION = YES;
				CLANG_WARN_OBJC_ROOT_CLASS = YES_ERROR;
				CLANG_WARN_QUOTED_INCLUDE_IN_FRAMEWORK_HEADER = YES;
				CLANG_WARN_RANGE_LOOP_ANALYSIS = YES;
				CLANG_WARN_STRICT_PROTOTYPES = YES;
				CLANG_WARN_SUSPICIOUS_MOVE = YES;
				CLANG_WARN_UNGUARDED_AVAILABILITY = YES_AGGRESSIVE;
				CLANG_WARN_UNREACHABLE_CODE = YES;
				CLANG_WARN__DUPLICATE_METHOD_MATCH = YES;
				COPY_PHASE_STRIP = NO;
				DEBUG_INFORMATION_FORMAT = dwarf;
				ENABLE_STRICT_OBJC_MSGSEND = YES;
				ENABLE_TESTABILITY = YES;
				GCC_C_LANGUAGE_STANDARD = gnu11;
				GCC_DYNAMIC_NO_PIC = NO;
				GCC_NO_COMMON_BLOCKS = YES;
				GCC_OPTIMIZATION_LEVEL = 0;
				GCC_PREPROCESSOR_DEFINITIONS = (
					"DEBUG=1",
					"$(inherited)",
				);
				GCC_WARN_64_TO_32_BIT_CONVERSION = YES;
				GCC_WARN_ABOUT_RETURN_TYPE = YES_ERROR;
				GCC_WARN_UNDECLARED_SELECTOR = YES;
				GCC_WARN_UNINITIALIZED_AUTOS = YES_AGGRESSIVE;
				GCC_WARN_UNUSED_FUNCTION = YES;
				GCC_WARN_UNUSED_VARIABLE = YES;
				IPHONEOS_DEPLOYMENT_TARGET = 15.0;
				MTL_ENABLE_DEBUG_INFO = INCLUDE_SOURCE;
				MTL_FAST_MATH = YES;
				ONLY_ACTIVE_ARCH = YES;
				SDKROOT = iphoneos;
			};
			name = Debug;
		};
		4A744DA3272BB5DD002418D1 /* Release */ = {
			isa = XCBuildConfiguration;
			buildSettings = {
				ALWAYS_SEARCH_USER_PATHS = NO;
				CLANG_ANALYZER_NONNULL = YES;
				CLANG_ANALYZER_NUMBER_OBJECT_CONVERSION = YES_AGGRESSIVE;
				CLANG_CXX_LANGUAGE_STANDARD = "gnu++17";
				CLANG_CXX_LIBRARY = "libc++";
				CLANG_ENABLE_MODULES = YES;
				CLANG_ENABLE_OBJC_ARC = YES;
				CLANG_ENABLE_OBJC_WEAK = YES;
				CLANG_WARN_BLOCK_CAPTURE_AUTORELEASING = YES;
				CLANG_WARN_BOOL_CONVERSION = YES;
				CLANG_WARN_COMMA = YES;
				CLANG_WARN_CONSTANT_CONVERSION = YES;
				CLANG_WARN_DEPRECATED_OBJC_IMPLEMENTATIONS = YES;
				CLANG_WARN_DIRECT_OBJC_ISA_USAGE = YES_ERROR;
				CLANG_WARN_DOCUMENTATION_COMMENTS = YES;
				CLANG_WARN_EMPTY_BODY = YES;
				CLANG_WARN_ENUM_CONVERSION = YES;
				CLANG_WARN_INFINITE_RECURSION = YES;
				CLANG_WARN_INT_CONVERSION = YES;
				CLANG_WARN_NON_LITERAL_NULL_CONVERSION = YES;
				CLANG_WARN_OBJC_IMPLICIT_RETAIN_SELF = YES;
				CLANG_WARN_OBJC_LITERAL_CONVERSION = YES;
				CLANG_WARN_OBJC_ROOT_CLASS = YES_ERROR;
				CLANG_WARN_QUOTED_INCLUDE_IN_FRAMEWORK_HEADER = YES;
				CLANG_WARN_RANGE_LOOP_ANALYSIS = YES;
				CLANG_WARN_STRICT_PROTOTYPES = YES;
				CLANG_WARN_SUSPICIOUS_MOVE = YES;
				CLANG_WARN_UNGUARDED_AVAILABILITY = YES_AGGRESSIVE;
				CLANG_WARN_UNREACHABLE_CODE = YES;
				CLANG_WARN__DUPLICATE_METHOD_MATCH = YES;
				COPY_PHASE_STRIP = NO;
				DEBUG_INFORMATION_FORMAT = "dwarf-with-dsym";
				ENABLE_NS_ASSERTIONS = NO;
				ENABLE_STRICT_OBJC_MSGSEND = YES;
				GCC_C_LANGUAGE_STANDARD = gnu11;
				GCC_NO_COMMON_BLOCKS = YES;
				GCC_WARN_64_TO_32_BIT_CONVERSION = YES;
				GCC_WARN_ABOUT_RETURN_TYPE = YES_ERROR;
				GCC_WARN_UNDECLARED_SELECTOR = YES;
				GCC_WARN_UNINITIALIZED_AUTOS = YES_AGGRESSIVE;
				GCC_WARN_UNUSED_FUNCTION = YES;
				GCC_WARN_UNUSED_VARIABLE = YES;
				IPHONEOS_DEPLOYMENT_TARGET = 15.0;
				MTL_ENABLE_DEBUG_INFO = NO;
				MTL_FAST_MATH = YES;
				SDKROOT = iphoneos;
				VALIDATE_PRODUCT = YES;
			};
			name = Release;
		};
		4A744DA5272BB5DD002418D1 /* Debug */ = {
			isa = XCBuildConfiguration;
			buildSettings = {
				ASSETCATALOG_COMPILER_APPICON_NAME = AppIcon;
				ASSETCATALOG_COMPILER_GLOBAL_ACCENT_COLOR_NAME = AccentColor;
				CODE_SIGN_STYLE = Automatic;
				CURRENT_PROJECT_VERSION = 1;
				DEVELOPMENT_TEAM = 7YW7W422F4;
				GENERATE_INFOPLIST_FILE = YES;
				INFOPLIST_FILE = XMPhotoBrowser/Info.plist;
				INFOPLIST_KEY_UIApplicationSupportsIndirectInputEvents = YES;
				INFOPLIST_KEY_UILaunchStoryboardName = LaunchScreen;
				INFOPLIST_KEY_UIMainStoryboardFile = Main;
				INFOPLIST_KEY_UISupportedInterfaceOrientations_iPad = "UIInterfaceOrientationPortrait UIInterfaceOrientationPortraitUpsideDown UIInterfaceOrientationLandscapeLeft UIInterfaceOrientationLandscapeRight";
				INFOPLIST_KEY_UISupportedInterfaceOrientations_iPhone = "UIInterfaceOrientationPortrait UIInterfaceOrientationLandscapeLeft UIInterfaceOrientationLandscapeRight";
				IPHONEOS_DEPLOYMENT_TARGET = 11.0;
				LD_RUNPATH_SEARCH_PATHS = (
					"$(inherited)",
					"@executable_path/Frameworks",
				);
				MARKETING_VERSION = 1.0;
				PRODUCT_BUNDLE_IDENTIFIER = com.github.XMPhotoBrowser;
				PRODUCT_NAME = "$(TARGET_NAME)";
				SWIFT_EMIT_LOC_STRINGS = YES;
				TARGETED_DEVICE_FAMILY = "1,2";
			};
			name = Debug;
		};
		4A744DA6272BB5DD002418D1 /* Release */ = {
			isa = XCBuildConfiguration;
			buildSettings = {
				ASSETCATALOG_COMPILER_APPICON_NAME = AppIcon;
				ASSETCATALOG_COMPILER_GLOBAL_ACCENT_COLOR_NAME = AccentColor;
				CODE_SIGN_STYLE = Automatic;
				CURRENT_PROJECT_VERSION = 1;
				DEVELOPMENT_TEAM = 7YW7W422F4;
				GENERATE_INFOPLIST_FILE = YES;
				INFOPLIST_FILE = XMPhotoBrowser/Info.plist;
				INFOPLIST_KEY_UIApplicationSupportsIndirectInputEvents = YES;
				INFOPLIST_KEY_UILaunchStoryboardName = LaunchScreen;
				INFOPLIST_KEY_UIMainStoryboardFile = Main;
				INFOPLIST_KEY_UISupportedInterfaceOrientations_iPad = "UIInterfaceOrientationPortrait UIInterfaceOrientationPortraitUpsideDown UIInterfaceOrientationLandscapeLeft UIInterfaceOrientationLandscapeRight";
				INFOPLIST_KEY_UISupportedInterfaceOrientations_iPhone = "UIInterfaceOrientationPortrait UIInterfaceOrientationLandscapeLeft UIInterfaceOrientationLandscapeRight";
				IPHONEOS_DEPLOYMENT_TARGET = 11.0;
				LD_RUNPATH_SEARCH_PATHS = (
					"$(inherited)",
					"@executable_path/Frameworks",
				);
				MARKETING_VERSION = 1.0;
				PRODUCT_BUNDLE_IDENTIFIER = com.github.XMPhotoBrowser;
				PRODUCT_NAME = "$(TARGET_NAME)";
				SWIFT_EMIT_LOC_STRINGS = YES;
				TARGETED_DEVICE_FAMILY = "1,2";
			};
			name = Release;
		};
		4A744DA8272BB5DD002418D1 /* Debug */ = {
			isa = XCBuildConfiguration;
			buildSettings = {
				BUNDLE_LOADER = "$(TEST_HOST)";
				CODE_SIGN_STYLE = Automatic;
				CURRENT_PROJECT_VERSION = 1;
				GENERATE_INFOPLIST_FILE = YES;
				IPHONEOS_DEPLOYMENT_TARGET = 15.0;
				LD_RUNPATH_SEARCH_PATHS = (
					"$(inherited)",
					"@executable_path/Frameworks",
					"@loader_path/Frameworks",
				);
				MARKETING_VERSION = 1.0;
				PRODUCT_BUNDLE_IDENTIFIER = com.github.XMPhotoBrowserTests;
				PRODUCT_NAME = "$(TARGET_NAME)";
				SWIFT_EMIT_LOC_STRINGS = NO;
				TARGETED_DEVICE_FAMILY = "1,2";
				TEST_HOST = "$(BUILT_PRODUCTS_DIR)/XMPhotoBrowser.app/XMPhotoBrowser";
			};
			name = Debug;
		};
		4A744DA9272BB5DD002418D1 /* Release */ = {
			isa = XCBuildConfiguration;
			buildSettings = {
				BUNDLE_LOADER = "$(TEST_HOST)";
				CODE_SIGN_STYLE = Automatic;
				CURRENT_PROJECT_VERSION = 1;
				GENERATE_INFOPLIST_FILE = YES;
				IPHONEOS_DEPLOYMENT_TARGET = 15.0;
				LD_RUNPATH_SEARCH_PATHS = (
					"$(inherited)",
					"@executable_path/Frameworks",
					"@loader_path/Frameworks",
				);
				MARKETING_VERSION = 1.0;
				PRODUCT_BUNDLE_IDENTIFIER = com.github.XMPhotoBrowserTests;
				PRODUCT_NAME = "$(TARGET_NAME)";
				SWIFT_EMIT_LOC_STRINGS = NO;
				TARGETED_DEVICE_FAMILY = "1,2";
				TEST_HOST = "$(BUILT_PRODUCTS_DIR)/XMPhotoBrowser.app/XMPhotoBrowser";
			};
			name = Release;
		};
		4A744DAB272BB5DD002418D1 /* Debug */ = {
			isa = XCBuildConfiguration;
			buildSettings = {
				CODE_SIGN_STYLE = Automatic;
				CURRENT_PROJECT_VERSION = 1;
				GENERATE_INFOPLIST_FILE = YES;
				LD_RUNPATH_SEARCH_PATHS = (
					"$(inherited)",
					"@executable_path/Frameworks",
					"@loader_path/Frameworks",
				);
				MARKETING_VERSION = 1.0;
				PRODUCT_BUNDLE_IDENTIFIER = com.github.XMPhotoBrowserUITests;
				PRODUCT_NAME = "$(TARGET_NAME)";
				SWIFT_EMIT_LOC_STRINGS = NO;
				TARGETED_DEVICE_FAMILY = "1,2";
				TEST_TARGET_NAME = XMPhotoBrowser;
			};
			name = Debug;
		};
		4A744DAC272BB5DD002418D1 /* Release */ = {
			isa = XCBuildConfiguration;
			buildSettings = {
				CODE_SIGN_STYLE = Automatic;
				CURRENT_PROJECT_VERSION = 1;
				GENERATE_INFOPLIST_FILE = YES;
				LD_RUNPATH_SEARCH_PATHS = (
					"$(inherited)",
					"@executable_path/Frameworks",
					"@loader_path/Frameworks",
				);
				MARKETING_VERSION = 1.0;
				PRODUCT_BUNDLE_IDENTIFIER = com.github.XMPhotoBrowserUITests;
				PRODUCT_NAME = "$(TARGET_NAME)";
				SWIFT_EMIT_LOC_STRINGS = NO;
				TARGETED_DEVICE_FAMILY = "1,2";
				TEST_TARGET_NAME = XMPhotoBrowser;
			};
			name = Release;
		};
/* End XCBuildConfiguration section */

/* Begin XCConfigurationList section */
		4A744D70272BB5D9002418D1 /* Build configuration list for PBXProject "XMPhotoBrowser" */ = {
			isa = XCConfigurationList;
			buildConfigurations = (
				4A744DA2272BB5DD002418D1 /* Debug */,
				4A744DA3272BB5DD002418D1 /* Release */,
			);
			defaultConfigurationIsVisible = 0;
			defaultConfigurationName = Release;
		};
		4A744DA4272BB5DD002418D1 /* Build configuration list for PBXNativeTarget "XMPhotoBrowser" */ = {
			isa = XCConfigurationList;
			buildConfigurations = (
				4A744DA5272BB5DD002418D1 /* Debug */,
				4A744DA6272BB5DD002418D1 /* Release */,
			);
			defaultConfigurationIsVisible = 0;
			defaultConfigurationName = Release;
		};
		4A744DA7272BB5DD002418D1 /* Build configuration list for PBXNativeTarget "XMPhotoBrowserTests" */ = {
			isa = XCConfigurationList;
			buildConfigurations = (
				4A744DA8272BB5DD002418D1 /* Debug */,
				4A744DA9272BB5DD002418D1 /* Release */,
			);
			defaultConfigurationIsVisible = 0;
			defaultConfigurationName = Release;
		};
		4A744DAA272BB5DD002418D1 /* Build configuration list for PBXNativeTarget "XMPhotoBrowserUITests" */ = {
			isa = XCConfigurationList;
			buildConfigurations = (
				4A744DAB272BB5DD002418D1 /* Debug */,
				4A744DAC272BB5DD002418D1 /* Release */,
			);
			defaultConfigurationIsVisible = 0;
			defaultConfigurationName = Release;
		};
/* End XCConfigurationList section */
	};
	rootObject = 4A744D6D272BB5D9002418D1 /* Project object */;
}
